// !$*UTF8*$!
{
	archiveVersion = 1;
	classes = {
	};
	objectVersion = 46;
	objects = {

/* Begin PBXBuildFile section */
		684D9D2D1EF3BBAC0014EB4D /* main.m in Sources */ = {isa = PBXBuildFile; fileRef = 684D9D2C1EF3BBAC0014EB4D /* main.m */; };
		684D9D301EF3BBAC0014EB4D /* AppDelegate.m in Sources */ = {isa = PBXBuildFile; fileRef = 684D9D2F1EF3BBAC0014EB4D /* AppDelegate.m */; };
		684D9D331EF3BBAC0014EB4D /* ViewController.m in Sources */ = {isa = PBXBuildFile; fileRef = 684D9D321EF3BBAC0014EB4D /* ViewController.m */; };
		684D9D361EF3BBAC0014EB4D /* Main.storyboard in Resources */ = {isa = PBXBuildFile; fileRef = 684D9D341EF3BBAC0014EB4D /* Main.storyboard */; };
		684D9D391EF3BBAC0014EB4D /* LCMultipleColor.xcdatamodeld in Sources */ = {isa = PBXBuildFile; fileRef = 684D9D371EF3BBAC0014EB4D /* LCMultipleColor.xcdatamodeld */; };
		684D9D3B1EF3BBAC0014EB4D /* Assets.xcassets in Resources */ = {isa = PBXBuildFile; fileRef = 684D9D3A1EF3BBAC0014EB4D /* Assets.xcassets */; };
		684D9D3E1EF3BBAC0014EB4D /* LaunchScreen.storyboard in Resources */ = {isa = PBXBuildFile; fileRef = 684D9D3C1EF3BBAC0014EB4D /* LaunchScreen.storyboard */; };
		684D9D4B1EF3BCF50014EB4D /* LCMultipleColorNavigationController.m in Sources */ = {isa = PBXBuildFile; fileRef = 684D9D4A1EF3BCF50014EB4D /* LCMultipleColorNavigationController.m */; };
		684D9D4E1EF3BD520014EB4D /* LCMultipleColorNavigationController+MultipleColor.m in Sources */ = {isa = PBXBuildFile; fileRef = 684D9D4D1EF3BD520014EB4D /* LCMultipleColorNavigationController+MultipleColor.m */; };
		684D9D511EF3BD780014EB4D /* LCMultipleColorViewController.m in Sources */ = {isa = PBXBuildFile; fileRef = 684D9D501EF3BD780014EB4D /* LCMultipleColorViewController.m */; };
		684D9D541EF3BDA70014EB4D /* LCMultipleColorConfig.m in Sources */ = {isa = PBXBuildFile; fileRef = 684D9D531EF3BDA70014EB4D /* LCMultipleColorConfig.m */; };
		684D9D571EF3BE8B0014EB4D /* LCTopWindowViewController.m in Sources */ = {isa = PBXBuildFile; fileRef = 684D9D561EF3BE8B0014EB4D /* LCTopWindowViewController.m */; };
		684D9D5B1EF3C4300014EB4D /* btn_back_black.png in Resources */ = {isa = PBXBuildFile; fileRef = 684D9D591EF3C4300014EB4D /* btn_back_black.png */; };
		684D9D5C1EF3C4300014EB4D /* btn_back_white.png in Resources */ = {isa = PBXBuildFile; fileRef = 684D9D5A1EF3C4300014EB4D /* btn_back_white.png */; };
/* End PBXBuildFile section */

/* Begin PBXFileReference section */
		684D9D281EF3BBAC0014EB4D /* LCMultipleColor.app */ = {isa = PBXFileReference; explicitFileType = wrapper.application; includeInIndex = 0; path = LCMultipleColor.app; sourceTree = BUILT_PRODUCTS_DIR; };
		684D9D2C1EF3BBAC0014EB4D /* main.m */ = {isa = PBXFileReference; lastKnownFileType = sourcecode.c.objc; path = main.m; sourceTree = "<group>"; };
		684D9D2E1EF3BBAC0014EB4D /* AppDelegate.h */ = {isa = PBXFileReference; lastKnownFileType = sourcecode.c.h; path = AppDelegate.h; sourceTree = "<group>"; };
		684D9D2F1EF3BBAC0014EB4D /* AppDelegate.m */ = {isa = PBXFileReference; lastKnownFileType = sourcecode.c.objc; path = AppDelegate.m; sourceTree = "<group>"; };
		684D9D311EF3BBAC0014EB4D /* ViewController.h */ = {isa = PBXFileReference; lastKnownFileType = sourcecode.c.h; path = ViewController.h; sourceTree = "<group>"; };
		684D9D321EF3BBAC0014EB4D /* ViewController.m */ = {isa = PBXFileReference; lastKnownFileType = sourcecode.c.objc; path = ViewController.m; sourceTree = "<group>"; };
		684D9D351EF3BBAC0014EB4D /* Base */ = {isa = PBXFileReference; lastKnownFileType = file.storyboard; name = Base; path = Base.lproj/Main.storyboard; sourceTree = "<group>"; };
		684D9D381EF3BBAC0014EB4D /* LCMultipleColor.xcdatamodel */ = {isa = PBXFileReference; lastKnownFileType = wrapper.xcdatamodel; path = LCMultipleColor.xcdatamodel; sourceTree = "<group>"; };
		684D9D3A1EF3BBAC0014EB4D /* Assets.xcassets */ = {isa = PBXFileReference; lastKnownFileType = folder.assetcatalog; path = Assets.xcassets; sourceTree = "<group>"; };
		684D9D3D1EF3BBAC0014EB4D /* Base */ = {isa = PBXFileReference; lastKnownFileType = file.storyboard; name = Base; path = Base.lproj/LaunchScreen.storyboard; sourceTree = "<group>"; };
		684D9D3F1EF3BBAC0014EB4D /* Info.plist */ = {isa = PBXFileReference; lastKnownFileType = text.plist.xml; path = Info.plist; sourceTree = "<group>"; };
		684D9D491EF3BCF50014EB4D /* LCMultipleColorNavigationController.h */ = {isa = PBXFileReference; fileEncoding = 4; lastKnownFileType = sourcecode.c.h; path = LCMultipleColorNavigationController.h; sourceTree = "<group>"; };
		684D9D4A1EF3BCF50014EB4D /* LCMultipleColorNavigationController.m */ = {isa = PBXFileReference; fileEncoding = 4; lastKnownFileType = sourcecode.c.objc; path = LCMultipleColorNavigationController.m; sourceTree = "<group>"; };
		684D9D4C1EF3BD520014EB4D /* LCMultipleColorNavigationController+MultipleColor.h */ = {isa = PBXFileReference; fileEncoding = 4; lastKnownFileType = sourcecode.c.h; path = "LCMultipleColorNavigationController+MultipleColor.h"; sourceTree = "<group>"; };
		684D9D4D1EF3BD520014EB4D /* LCMultipleColorNavigationController+MultipleColor.m */ = {isa = PBXFileReference; fileEncoding = 4; lastKnownFileType = sourcecode.c.objc; path = "LCMultipleColorNavigationController+MultipleColor.m"; sourceTree = "<group>"; };
		684D9D4F1EF3BD780014EB4D /* LCMultipleColorViewController.h */ = {isa = PBXFileReference; fileEncoding = 4; lastKnownFileType = sourcecode.c.h; path = LCMultipleColorViewController.h; sourceTree = "<group>"; };
		684D9D501EF3BD780014EB4D /* LCMultipleColorViewController.m */ = {isa = PBXFileReference; fileEncoding = 4; lastKnownFileType = sourcecode.c.objc; path = LCMultipleColorViewController.m; sourceTree = "<group>"; };
		684D9D521EF3BDA70014EB4D /* LCMultipleColorConfig.h */ = {isa = PBXFileReference; fileEncoding = 4; lastKnownFileType = sourcecode.c.h; path = LCMultipleColorConfig.h; sourceTree = "<group>"; };
		684D9D531EF3BDA70014EB4D /* LCMultipleColorConfig.m */ = {isa = PBXFileReference; fileEncoding = 4; lastKnownFileType = sourcecode.c.objc; path = LCMultipleColorConfig.m; sourceTree = "<group>"; };
		684D9D551EF3BE8B0014EB4D /* LCTopWindowViewController.h */ = {isa = PBXFileReference; fileEncoding = 4; lastKnownFileType = sourcecode.c.h; path = LCTopWindowViewController.h; sourceTree = "<group>"; };
		684D9D561EF3BE8B0014EB4D /* LCTopWindowViewController.m */ = {isa = PBXFileReference; fileEncoding = 4; lastKnownFileType = sourcecode.c.objc; path = LCTopWindowViewController.m; sourceTree = "<group>"; };
		684D9D591EF3C4300014EB4D /* btn_back_black.png */ = {isa = PBXFileReference; lastKnownFileType = image.png; path = btn_back_black.png; sourceTree = "<group>"; };
		684D9D5A1EF3C4300014EB4D /* btn_back_white.png */ = {isa = PBXFileReference; lastKnownFileType = image.png; path = btn_back_white.png; sourceTree = "<group>"; };
/* End PBXFileReference section */

/* Begin PBXFrameworksBuildPhase section */
		684D9D251EF3BBAC0014EB4D /* Frameworks */ = {
			isa = PBXFrameworksBuildPhase;
			buildActionMask = 2147483647;
			files = (
			);
			runOnlyForDeploymentPostprocessing = 0;
		};
/* End PBXFrameworksBuildPhase section */

/* Begin PBXGroup section */
		684D9D1F1EF3BBAC0014EB4D = {
			isa = PBXGroup;
			children = (
				684D9D2A1EF3BBAC0014EB4D /* LCMultipleColor */,
				684D9D291EF3BBAC0014EB4D /* Products */,
			);
			sourceTree = "<group>";
		};
		684D9D291EF3BBAC0014EB4D /* Products */ = {
			isa = PBXGroup;
			children = (
				684D9D281EF3BBAC0014EB4D /* LCMultipleColor.app */,
			);
			name = Products;
			sourceTree = "<group>";
		};
		684D9D2A1EF3BBAC0014EB4D /* LCMultipleColor */ = {
			isa = PBXGroup;
			children = (
				684D9D451EF3BCCF0014EB4D /* LCMultipleColor */,
				684D9D2E1EF3BBAC0014EB4D /* AppDelegate.h */,
				684D9D2F1EF3BBAC0014EB4D /* AppDelegate.m */,
				684D9D311EF3BBAC0014EB4D /* ViewController.h */,
				684D9D321EF3BBAC0014EB4D /* ViewController.m */,
				684D9D341EF3BBAC0014EB4D /* Main.storyboard */,
				684D9D3A1EF3BBAC0014EB4D /* Assets.xcassets */,
				684D9D3C1EF3BBAC0014EB4D /* LaunchScreen.storyboard */,
				684D9D3F1EF3BBAC0014EB4D /* Info.plist */,
				684D9D371EF3BBAC0014EB4D /* LCMultipleColor.xcdatamodeld */,
				684D9D2B1EF3BBAC0014EB4D /* Supporting Files */,
			);
			path = LCMultipleColor;
			sourceTree = "<group>";
		};
		684D9D2B1EF3BBAC0014EB4D /* Supporting Files */ = {
			isa = PBXGroup;
			children = (
				684D9D2C1EF3BBAC0014EB4D /* main.m */,
			);
			name = "Supporting Files";
			sourceTree = "<group>";
		};
		684D9D451EF3BCCF0014EB4D /* LCMultipleColor */ = {
			isa = PBXGroup;
			children = (
				684D9D581EF3C4300014EB4D /* Source */,
				684D9D471EF3BCE10014EB4D /* Category */,
				684D9D481EF3BCE10014EB4D /* Model */,
				684D9D461EF3BCCF0014EB4D /* Controller */,
			);
			path = LCMultipleColor;
			sourceTree = "<group>";
		};
		684D9D461EF3BCCF0014EB4D /* Controller */ = {
			isa = PBXGroup;
			children = (
				684D9D551EF3BE8B0014EB4D /* LCTopWindowViewController.h */,
				684D9D561EF3BE8B0014EB4D /* LCTopWindowViewController.m */,
				684D9D491EF3BCF50014EB4D /* LCMultipleColorNavigationController.h */,
				684D9D4A1EF3BCF50014EB4D /* LCMultipleColorNavigationController.m */,
				684D9D4F1EF3BD780014EB4D /* LCMultipleColorViewController.h */,
				684D9D501EF3BD780014EB4D /* LCMultipleColorViewController.m */,
			);
			path = Controller;
			sourceTree = "<group>";
		};
		684D9D471EF3BCE10014EB4D /* Category */ = {
			isa = PBXGroup;
			children = (
				684D9D4C1EF3BD520014EB4D /* LCMultipleColorNavigationController+MultipleColor.h */,
				684D9D4D1EF3BD520014EB4D /* LCMultipleColorNavigationController+MultipleColor.m */,
			);
			path = Category;
			sourceTree = "<group>";
		};
		684D9D481EF3BCE10014EB4D /* Model */ = {
			isa = PBXGroup;
			children = (
				684D9D521EF3BDA70014EB4D /* LCMultipleColorConfig.h */,
				684D9D531EF3BDA70014EB4D /* LCMultipleColorConfig.m */,
			);
			path = Model;
			sourceTree = "<group>";
		};
		684D9D581EF3C4300014EB4D /* Source */ = {
			isa = PBXGroup;
			children = (
				684D9D591EF3C4300014EB4D /* btn_back_black.png */,
				684D9D5A1EF3C4300014EB4D /* btn_back_white.png */,
			);
			path = Source;
			sourceTree = "<group>";
		};
/* End PBXGroup section */

/* Begin PBXNativeTarget section */
		684D9D271EF3BBAC0014EB4D /* LCMultipleColor */ = {
			isa = PBXNativeTarget;
			buildConfigurationList = 684D9D421EF3BBAC0014EB4D /* Build configuration list for PBXNativeTarget "LCMultipleColor" */;
			buildPhases = (
				684D9D241EF3BBAC0014EB4D /* Sources */,
				684D9D251EF3BBAC0014EB4D /* Frameworks */,
				684D9D261EF3BBAC0014EB4D /* Resources */,
			);
			buildRules = (
			);
			dependencies = (
			);
			name = LCMultipleColor;
			productName = LCMultipleColor;
			productReference = 684D9D281EF3BBAC0014EB4D /* LCMultipleColor.app */;
			productType = "com.apple.product-type.application";
		};
/* End PBXNativeTarget section */

/* Begin PBXProject section */
		684D9D201EF3BBAC0014EB4D /* Project object */ = {
			isa = PBXProject;
			attributes = {
				LastUpgradeCheck = 0830;
				ORGANIZATIONNAME = "凌创科技";
				TargetAttributes = {
					684D9D271EF3BBAC0014EB4D = {
						CreatedOnToolsVersion = 8.3.2;
						DevelopmentTeam = 9L8XTYH38F;
						ProvisioningStyle = Automatic;
					};
				};
			};
			buildConfigurationList = 684D9D231EF3BBAC0014EB4D /* Build configuration list for PBXProject "LCMultipleColor" */;
			compatibilityVersion = "Xcode 3.2";
			developmentRegion = English;
			hasScannedForEncodings = 0;
			knownRegions = (
				en,
				Base,
			);
			mainGroup = 684D9D1F1EF3BBAC0014EB4D;
			productRefGroup = 684D9D291EF3BBAC0014EB4D /* Products */;
			projectDirPath = "";
			projectRoot = "";
			targets = (
				684D9D271EF3BBAC0014EB4D /* LCMultipleColor */,
			);
		};
/* End PBXProject section */

/* Begin PBXResourcesBuildPhase section */
		684D9D261EF3BBAC0014EB4D /* Resources */ = {
			isa = PBXResourcesBuildPhase;
			buildActionMask = 2147483647;
			files = (
				684D9D3E1EF3BBAC0014EB4D /* LaunchScreen.storyboard in Resources */,
				684D9D5C1EF3C4300014EB4D /* btn_back_white.png in Resources */,
				684D9D5B1EF3C4300014EB4D /* btn_back_black.png in Resources */,
				684D9D3B1EF3BBAC0014EB4D /* Assets.xcassets in Resources */,
				684D9D361EF3BBAC0014EB4D /* Main.storyboard in Resources */,
			);
			runOnlyForDeploymentPostprocessing = 0;
		};
/* End PBXResourcesBuildPhase section */

/* Begin PBXSourcesBuildPhase section */
		684D9D241EF3BBAC0014EB4D /* Sources */ = {
			isa = PBXSourcesBuildPhase;
			buildActionMask = 2147483647;
			files = (
				684D9D331EF3BBAC0014EB4D /* ViewController.m in Sources */,
				684D9D571EF3BE8B0014EB4D /* LCTopWindowViewController.m in Sources */,
				684D9D511EF3BD780014EB4D /* LCMultipleColorViewController.m in Sources */,
				684D9D301EF3BBAC0014EB4D /* AppDelegate.m in Sources */,
				684D9D4B1EF3BCF50014EB4D /* LCMultipleColorNavigationController.m in Sources */,
				684D9D391EF3BBAC0014EB4D /* LCMultipleColor.xcdatamodeld in Sources */,
				684D9D4E1EF3BD520014EB4D /* LCMultipleColorNavigationController+MultipleColor.m in Sources */,
				684D9D2D1EF3BBAC0014EB4D /* main.m in Sources */,
				684D9D541EF3BDA70014EB4D /* LCMultipleColorConfig.m in Sources */,
			);
			runOnlyForDeploymentPostprocessing = 0;
		};
/* End PBXSourcesBuildPhase section */

/* Begin PBXVariantGroup section */
		684D9D341EF3BBAC0014EB4D /* Main.storyboard */ = {
			isa = PBXVariantGroup;
			children = (
				684D9D351EF3BBAC0014EB4D /* Base */,
			);
			name = Main.storyboard;
			sourceTree = "<group>";
		};
		684D9D3C1EF3BBAC0014EB4D /* LaunchScreen.storyboard */ = {
			isa = PBXVariantGroup;
			children = (
				684D9D3D1EF3BBAC0014EB4D /* Base */,
			);
			name = LaunchScreen.storyboard;
			sourceTree = "<group>";
		};
/* End PBXVariantGroup section */

/* Begin XCBuildConfiguration section */
		684D9D401EF3BBAC0014EB4D /* Debug */ = {
			isa = XCBuildConfiguration;
			buildSettings = {
				ALWAYS_SEARCH_USER_PATHS = NO;
				CLANG_ANALYZER_NONNULL = YES;
				CLANG_ANALYZER_NUMBER_OBJECT_CONVERSION = YES_AGGRESSIVE;
				CLANG_CXX_LANGUAGE_STANDARD = "gnu++0x";
				CLANG_CXX_LIBRARY = "libc++";
				CLANG_ENABLE_MODULES = YES;
				CLANG_ENABLE_OBJC_ARC = YES;
				CLANG_WARN_BOOL_CONVERSION = YES;
				CLANG_WARN_CONSTANT_CONVERSION = YES;
				CLANG_WARN_DIRECT_OBJC_ISA_USAGE = YES_ERROR;
				CLANG_WARN_DOCUMENTATION_COMMENTS = YES;
				CLANG_WARN_EMPTY_BODY = YES;
				CLANG_WARN_ENUM_CONVERSION = YES;
				CLANG_WARN_INFINITE_RECURSION = YES;
				CLANG_WARN_INT_CONVERSION = YES;
				CLANG_WARN_OBJC_ROOT_CLASS = YES_ERROR;
				CLANG_WARN_SUSPICIOUS_MOVE = YES;
				CLANG_WARN_UNREACHABLE_CODE = YES;
				CLANG_WARN__DUPLICATE_METHOD_MATCH = YES;
				"CODE_SIGN_IDENTITY[sdk=iphoneos*]" = "iPhone Developer";
				COPY_PHASE_STRIP = NO;
				DEBUG_INFORMATION_FORMAT = dwarf;
				ENABLE_STRICT_OBJC_MSGSEND = YES;
				ENABLE_TESTABILITY = YES;
				GCC_C_LANGUAGE_STANDARD = gnu99;
				GCC_DYNAMIC_NO_PIC = NO;
				GCC_NO_COMMON_BLOCKS = YES;
				GCC_OPTIMIZATION_LEVEL = 0;
				GCC_PREPROCESSOR_DEFINITIONS = (
					"DEBUG=1",
					"$(inherited)",
				);
				GCC_WARN_64_TO_32_BIT_CONVERSION = YES;
				GCC_WARN_ABOUT_RETURN_TYPE = YES_ERROR;
				GCC_WARN_UNDECLARED_SELECTOR = YES;
				GCC_WARN_UNINITIALIZED_AUTOS = YES_AGGRESSIVE;
				GCC_WARN_UNUSED_FUNCTION = YES;
				GCC_WARN_UNUSED_VARIABLE = YES;
				IPHONEOS_DEPLOYMENT_TARGET = 10.3;
				MTL_ENABLE_DEBUG_INFO = YES;
				ONLY_ACTIVE_ARCH = YES;
				SDKROOT = iphoneos;
			};
			name = Debug;
		};
		684D9D411EF3BBAC0014EB4D /* Release */ = {
			isa = XCBuildConfiguration;
			buildSettings = {
				ALWAYS_SEARCH_USER_PATHS = NO;
				CLANG_ANALYZER_NONNULL = YES;
				CLANG_ANALYZER_NUMBER_OBJECT_CONVERSION = YES_AGGRESSIVE;
				CLANG_CXX_LANGUAGE_STANDARD = "gnu++0x";
				CLANG_CXX_LIBRARY = "libc++";
				CLANG_ENABLE_MODULES = YES;
				CLANG_ENABLE_OBJC_ARC = YES;
				CLANG_WARN_BOOL_CONVERSION = YES;
				CLANG_WARN_CONSTANT_CONVERSION = YES;
				CLANG_WARN_DIRECT_OBJC_ISA_USAGE = YES_ERROR;
				CLANG_WARN_DOCUMENTATION_COMMENTS = YES;
				CLANG_WARN_EMPTY_BODY = YES;
				CLANG_WARN_ENUM_CONVERSION = YES;
				CLANG_WARN_INFINITE_RECURSION = YES;
				CLANG_WARN_INT_CONVERSION = YES;
				CLANG_WARN_OBJC_ROOT_CLASS = YES_ERROR;
				CLANG_WARN_SUSPICIOUS_MOVE = YES;
				CLANG_WARN_UNREACHABLE_CODE = YES;
				CLANG_WARN__DUPLICATE_METHOD_MATCH = YES;
				"CODE_SIGN_IDENTITY[sdk=iphoneos*]" = "iPhone Developer";
				COPY_PHASE_STRIP = NO;
				DEBUG_INFORMATION_FORMAT = "dwarf-with-dsym";
				ENABLE_NS_ASSERTIONS = NO;
				ENABLE_STRICT_OBJC_MSGSEND = YES;
				GCC_C_LANGUAGE_STANDARD = gnu99;
				GCC_NO_COMMON_BLOCKS = YES;
				GCC_WARN_64_TO_32_BIT_CONVERSION = YES;
				GCC_WARN_ABOUT_RETURN_TYPE = YES_ERROR;
				GCC_WARN_UNDECLARED_SELECTOR = YES;
				GCC_WARN_UNINITIALIZED_AUTOS = YES_AGGRESSIVE;
				GCC_WARN_UNUSED_FUNCTION = YES;
				GCC_WARN_UNUSED_VARIABLE = YES;
				IPHONEOS_DEPLOYMENT_TARGET = 10.3;
				MTL_ENABLE_DEBUG_INFO = NO;
				SDKROOT = iphoneos;
				VALIDATE_PRODUCT = YES;
			};
			name = Release;
		};
		684D9D431EF3BBAC0014EB4D /* Debug */ = {
			isa = XCBuildConfiguration;
			buildSettings = {
				ASSETCATALOG_COMPILER_APPICON_NAME = AppIcon;
				DEVELOPMENT_TEAM = 9L8XTYH38F;
				ENABLE_STRICT_OBJC_MSGSEND = NO;
				INFOPLIST_FILE = LCMultipleColor/Info.plist;
				IPHONEOS_DEPLOYMENT_TARGET = 8.0;
				LD_RUNPATH_SEARCH_PATHS = "$(inherited) @executable_path/Frameworks";
				PRODUCT_BUNDLE_IDENTIFIER = com.litchon.LCMultipleColor;
				PRODUCT_NAME = "$(TARGET_NAME)";
			};
			name = Debug;
		};
		684D9D441EF3BBAC0014EB4D /* Release */ = {
			isa = XCBuildConfiguration;
			buildSettings = {
				ASSETCATALOG_COMPILER_APPICON_NAME = AppIcon;
				DEVELOPMENT_TEAM = 9L8XTYH38F;
				ENABLE_STRICT_OBJC_MSGSEND = NO;
				INFOPLIST_FILE = LCMultipleColor/Info.plist;
				IPHONEOS_DEPLOYMENT_TARGET = 8.0;
				LD_RUNPATH_SEARCH_PATHS = "$(inherited) @executable_path/Frameworks";
				PRODUCT_BUNDLE_IDENTIFIER = com.litchon.LCMultipleColor;
				PRODUCT_NAME = "$(TARGET_NAME)";
			};
			name = Release;
		};
/* End XCBuildConfiguration section */

/* Begin XCConfigurationList section */
		684D9D231EF3BBAC0014EB4D /* Build configuration list for PBXProject "LCMultipleColor" */ = {
			isa = XCConfigurationList;
			buildConfigurations = (
				684D9D401EF3BBAC0014EB4D /* Debug */,
				684D9D411EF3BBAC0014EB4D /* Release */,
			);
			defaultConfigurationIsVisible = 0;
			defaultConfigurationName = Release;
		};
		684D9D421EF3BBAC0014EB4D /* Build configuration list for PBXNativeTarget "LCMultipleColor" */ = {
			isa = XCConfigurationList;
			buildConfigurations = (
				684D9D431EF3BBAC0014EB4D /* Debug */,
				684D9D441EF3BBAC0014EB4D /* Release */,
			);
			defaultConfigurationIsVisible = 0;
			defaultConfigurationName = Release;
		};
/* End XCConfigurationList section */

/* Begin XCVersionGroup section */
		684D9D371EF3BBAC0014EB4D /* LCMultipleColor.xcdatamodeld */ = {
			isa = XCVersionGroup;
			children = (
				684D9D381EF3BBAC0014EB4D /* LCMultipleColor.xcdatamodel */,
			);
			currentVersion = 684D9D381EF3BBAC0014EB4D /* LCMultipleColor.xcdatamodel */;
			path = LCMultipleColor.xcdatamodeld;
			sourceTree = "<group>";
			versionGroupType = wrapper.xcdatamodel;
		};
/* End XCVersionGroup section */
	};
	rootObject = 684D9D201EF3BBAC0014EB4D /* Project object */;
}
